// !$*UTF8*$!
{
	archiveVersion = 1;
	classes = {
	};
	objectVersion = 60;
	objects = {

/* Begin PBXBuildFile section */
		3E763B0C2C1BCF8900D27D40 /* GPGConf.swift in Sources */ = {isa = PBXBuildFile; fileRef = 3E763B092C1BCD6400D27D40 /* GPGConf.swift */; };
		3E763B0D2C1BCF8E00D27D40 /* GPGCore.swift in Sources */ = {isa = PBXBuildFile; fileRef = 3E763B0A2C1BCD6400D27D40 /* GPGCore.swift */; };
		3E763B152C1BD1C400D27D40 /* main.swift in Sources */ = {isa = PBXBuildFile; fileRef = 3E763B142C1BD1C400D27D40 /* main.swift */; };
		3E763B192C1BD1DC00D27D40 /* GPGCore.swift in Sources */ = {isa = PBXBuildFile; fileRef = 3E763B0A2C1BCD6400D27D40 /* GPGCore.swift */; };
		3E763B1A2C1BD1DC00D27D40 /* GPGConf.swift in Sources */ = {isa = PBXBuildFile; fileRef = 3E763B092C1BCD6400D27D40 /* GPGConf.swift */; };
		3ECB53F82C1A780000A8427F /* SwiftyGPGApp.swift in Sources */ = {isa = PBXBuildFile; fileRef = 3ECB53F72C1A780000A8427F /* SwiftyGPGApp.swift */; };
		3ECB53FA2C1A780000A8427F /* ContentView.swift in Sources */ = {isa = PBXBuildFile; fileRef = 3ECB53F92C1A780000A8427F /* ContentView.swift */; };
		3ECB53FC2C1A780100A8427F /* Assets.xcassets in Resources */ = {isa = PBXBuildFile; fileRef = 3ECB53FB2C1A780100A8427F /* Assets.xcassets */; };
		3ECB53FF2C1A780100A8427F /* Preview Assets.xcassets in Resources */ = {isa = PBXBuildFile; fileRef = 3ECB53FE2C1A780100A8427F /* Preview Assets.xcassets */; };
		3ECB540A2C1A780100A8427F /* SwiftyGPGTests.swift in Sources */ = {isa = PBXBuildFile; fileRef = 3ECB54092C1A780100A8427F /* SwiftyGPGTests.swift */; };
		3ECB54142C1A780100A8427F /* SwiftyGPGUITests.swift in Sources */ = {isa = PBXBuildFile; fileRef = 3ECB54132C1A780100A8427F /* SwiftyGPGUITests.swift */; };
		3ECB54162C1A780100A8427F /* SwiftyGPGUITestsLaunchTests.swift in Sources */ = {isa = PBXBuildFile; fileRef = 3ECB54152C1A780100A8427F /* SwiftyGPGUITestsLaunchTests.swift */; };
		3ED4315B2C1BD5E2001078D8 /* Shell.swift in Sources */ = {isa = PBXBuildFile; fileRef = 3ED4315A2C1BD5DD001078D8 /* Shell.swift */; };
		3ED4315C2C1BD673001078D8 /* Shell.swift in Sources */ = {isa = PBXBuildFile; fileRef = 3ED4315A2C1BD5DD001078D8 /* Shell.swift */; };
		3ED431632C1BD8CD001078D8 /* URLExtension.swift in Sources */ = {isa = PBXBuildFile; fileRef = 3ED431622C1BD8CA001078D8 /* URLExtension.swift */; };
		3ED431642C1BD8D4001078D8 /* URLExtension.swift in Sources */ = {isa = PBXBuildFile; fileRef = 3ED431622C1BD8CA001078D8 /* URLExtension.swift */; };
/* End PBXBuildFile section */

/* Begin PBXContainerItemProxy section */
		3ECB54062C1A780100A8427F /* PBXContainerItemProxy */ = {
			isa = PBXContainerItemProxy;
			containerPortal = 3ECB53EC2C1A780000A8427F /* Project object */;
			proxyType = 1;
			remoteGlobalIDString = 3ECB53F32C1A780000A8427F;
			remoteInfo = SwiftyGPG;
		};
		3ECB54102C1A780100A8427F /* PBXContainerItemProxy */ = {
			isa = PBXContainerItemProxy;
			containerPortal = 3ECB53EC2C1A780000A8427F /* Project object */;
			proxyType = 1;
			remoteGlobalIDString = 3ECB53F32C1A780000A8427F;
			remoteInfo = SwiftyGPG;
		};
/* End PBXContainerItemProxy section */

/* Begin PBXCopyFilesBuildPhase section */
		3E763B102C1BD1C400D27D40 /* CopyFiles */ = {
			isa = PBXCopyFilesBuildPhase;
			buildActionMask = 2147483647;
			dstPath = /usr/share/man/man1/;
			dstSubfolderSpec = 0;
			files = (
			);
			runOnlyForDeploymentPostprocessing = 1;
		};
/* End PBXCopyFilesBuildPhase section */

/* Begin PBXFileReference section */
		3E763B092C1BCD6400D27D40 /* GPGConf.swift */ = {isa = PBXFileReference; lastKnownFileType = sourcecode.swift; path = GPGConf.swift; sourceTree = "<group>"; };
		3E763B0A2C1BCD6400D27D40 /* GPGCore.swift */ = {isa = PBXFileReference; lastKnownFileType = sourcecode.swift; path = GPGCore.swift; sourceTree = "<group>"; };
		3E763B122C1BD1C400D27D40 /* GPGCoreTest */ = {isa = PBXFileReference; explicitFileType = "compiled.mach-o.executable"; includeInIndex = 0; path = GPGCoreTest; sourceTree = BUILT_PRODUCTS_DIR; };
		3E763B142C1BD1C400D27D40 /* main.swift */ = {isa = PBXFileReference; lastKnownFileType = sourcecode.swift; path = main.swift; sourceTree = "<group>"; };
		3ECB53F42C1A780000A8427F /* SwiftyGPG.app */ = {isa = PBXFileReference; explicitFileType = wrapper.application; includeInIndex = 0; path = SwiftyGPG.app; sourceTree = BUILT_PRODUCTS_DIR; };
		3ECB53F72C1A780000A8427F /* SwiftyGPGApp.swift */ = {isa = PBXFileReference; lastKnownFileType = sourcecode.swift; path = SwiftyGPGApp.swift; sourceTree = "<group>"; };
		3ECB53F92C1A780000A8427F /* ContentView.swift */ = {isa = PBXFileReference; lastKnownFileType = sourcecode.swift; path = ContentView.swift; sourceTree = "<group>"; };
		3ECB53FB2C1A780100A8427F /* Assets.xcassets */ = {isa = PBXFileReference; lastKnownFileType = folder.assetcatalog; path = Assets.xcassets; sourceTree = "<group>"; };
		3ECB53FE2C1A780100A8427F /* Preview Assets.xcassets */ = {isa = PBXFileReference; lastKnownFileType = folder.assetcatalog; path = "Preview Assets.xcassets"; sourceTree = "<group>"; };
		3ECB54002C1A780100A8427F /* SwiftyGPG.entitlements */ = {isa = PBXFileReference; lastKnownFileType = text.plist.entitlements; path = SwiftyGPG.entitlements; sourceTree = "<group>"; };
		3ECB54052C1A780100A8427F /* SwiftyGPGTests.xctest */ = {isa = PBXFileReference; explicitFileType = wrapper.cfbundle; includeInIndex = 0; path = SwiftyGPGTests.xctest; sourceTree = BUILT_PRODUCTS_DIR; };
		3ECB54092C1A780100A8427F /* SwiftyGPGTests.swift */ = {isa = PBXFileReference; lastKnownFileType = sourcecode.swift; path = SwiftyGPGTests.swift; sourceTree = "<group>"; };
		3ECB540F2C1A780100A8427F /* SwiftyGPGUITests.xctest */ = {isa = PBXFileReference; explicitFileType = wrapper.cfbundle; includeInIndex = 0; path = SwiftyGPGUITests.xctest; sourceTree = BUILT_PRODUCTS_DIR; };
		3ECB54132C1A780100A8427F /* SwiftyGPGUITests.swift */ = {isa = PBXFileReference; lastKnownFileType = sourcecode.swift; path = SwiftyGPGUITests.swift; sourceTree = "<group>"; };
		3ECB54152C1A780100A8427F /* SwiftyGPGUITestsLaunchTests.swift */ = {isa = PBXFileReference; lastKnownFileType = sourcecode.swift; path = SwiftyGPGUITestsLaunchTests.swift; sourceTree = "<group>"; };
		3ED4315A2C1BD5DD001078D8 /* Shell.swift */ = {isa = PBXFileReference; lastKnownFileType = sourcecode.swift; path = Shell.swift; sourceTree = "<group>"; };
		3ED431622C1BD8CA001078D8 /* URLExtension.swift */ = {isa = PBXFileReference; lastKnownFileType = sourcecode.swift; path = URLExtension.swift; sourceTree = "<group>"; };
/* End PBXFileReference section */

/* Begin PBXFrameworksBuildPhase section */
		3E763B0F2C1BD1C400D27D40 /* Frameworks */ = {
			isa = PBXFrameworksBuildPhase;
			buildActionMask = 2147483647;
			files = (
			);
			runOnlyForDeploymentPostprocessing = 0;
		};
		3ECB53F12C1A780000A8427F /* Frameworks */ = {
			isa = PBXFrameworksBuildPhase;
			buildActionMask = 2147483647;
			files = (
			);
			runOnlyForDeploymentPostprocessing = 0;
		};
		3ECB54022C1A780100A8427F /* Frameworks */ = {
			isa = PBXFrameworksBuildPhase;
			buildActionMask = 2147483647;
			files = (
			);
			runOnlyForDeploymentPostprocessing = 0;
		};
		3ECB540C2C1A780100A8427F /* Frameworks */ = {
			isa = PBXFrameworksBuildPhase;
			buildActionMask = 2147483647;
			files = (
			);
			runOnlyForDeploymentPostprocessing = 0;
		};
/* End PBXFrameworksBuildPhase section */

/* Begin PBXGroup section */
		3E763B0B2C1BCF6E00D27D40 /* core */ = {
			isa = PBXGroup;
			children = (
				3E763B092C1BCD6400D27D40 /* GPGConf.swift */,
				3E763B0A2C1BCD6400D27D40 /* GPGCore.swift */,
			);
			path = core;
			sourceTree = "<group>";
		};
		3E763B132C1BD1C400D27D40 /* GPGCoreTest */ = {
			isa = PBXGroup;
			children = (
				3E763B142C1BD1C400D27D40 /* main.swift */,
			);
			path = GPGCoreTest;
			sourceTree = "<group>";
		};
		3ECB53EB2C1A780000A8427F = {
			isa = PBXGroup;
			children = (
				3ECB53F62C1A780000A8427F /* SwiftyGPG */,
				3ECB54082C1A780100A8427F /* SwiftyGPGTests */,
				3ECB54122C1A780100A8427F /* SwiftyGPGUITests */,
				3E763B132C1BD1C400D27D40 /* GPGCoreTest */,
				3ECB53F52C1A780000A8427F /* Products */,
			);
			sourceTree = "<group>";
		};
		3ECB53F52C1A780000A8427F /* Products */ = {
			isa = PBXGroup;
			children = (
				3ECB53F42C1A780000A8427F /* SwiftyGPG.app */,
				3ECB54052C1A780100A8427F /* SwiftyGPGTests.xctest */,
				3ECB540F2C1A780100A8427F /* SwiftyGPGUITests.xctest */,
				3E763B122C1BD1C400D27D40 /* GPGCoreTest */,
			);
			name = Products;
			sourceTree = "<group>";
		};
		3ECB53F62C1A780000A8427F /* SwiftyGPG */ = {
			isa = PBXGroup;
			children = (
				3ED431602C1BD8BC001078D8 /* extensions */,
				3ED431592C1BD5D9001078D8 /* util */,
				3E763B0B2C1BCF6E00D27D40 /* core */,
				3ECB53F72C1A780000A8427F /* SwiftyGPGApp.swift */,
				3ECB53F92C1A780000A8427F /* ContentView.swift */,
				3ECB53FB2C1A780100A8427F /* Assets.xcassets */,
				3ECB54002C1A780100A8427F /* SwiftyGPG.entitlements */,
				3ECB53FD2C1A780100A8427F /* Preview Content */,
			);
			path = SwiftyGPG;
			sourceTree = "<group>";
		};
		3ECB53FD2C1A780100A8427F /* Preview Content */ = {
			isa = PBXGroup;
			children = (
				3ECB53FE2C1A780100A8427F /* Preview Assets.xcassets */,
			);
			path = "Preview Content";
			sourceTree = "<group>";
		};
		3ECB54082C1A780100A8427F /* SwiftyGPGTests */ = {
			isa = PBXGroup;
			children = (
				3ECB54092C1A780100A8427F /* SwiftyGPGTests.swift */,
			);
			path = SwiftyGPGTests;
			sourceTree = "<group>";
		};
		3ECB54122C1A780100A8427F /* SwiftyGPGUITests */ = {
			isa = PBXGroup;
			children = (
				3ECB54132C1A780100A8427F /* SwiftyGPGUITests.swift */,
				3ECB54152C1A780100A8427F /* SwiftyGPGUITestsLaunchTests.swift */,
			);
			path = SwiftyGPGUITests;
			sourceTree = "<group>";
		};
		3ED431592C1BD5D9001078D8 /* util */ = {
			isa = PBXGroup;
			children = (
				3ED4315A2C1BD5DD001078D8 /* Shell.swift */,
			);
			path = util;
			sourceTree = "<group>";
		};
		3ED431602C1BD8BC001078D8 /* extensions */ = {
			isa = PBXGroup;
			children = (
				3ED431622C1BD8CA001078D8 /* URLExtension.swift */,
			);
			path = extensions;
			sourceTree = "<group>";
		};
/* End PBXGroup section */

/* Begin PBXNativeTarget section */
		3E763B112C1BD1C400D27D40 /* GPGCoreTest */ = {
			isa = PBXNativeTarget;
			buildConfigurationList = 3E763B162C1BD1C400D27D40 /* Build configuration list for PBXNativeTarget "GPGCoreTest" */;
			buildPhases = (
				3E763B0E2C1BD1C400D27D40 /* Sources */,
				3E763B0F2C1BD1C400D27D40 /* Frameworks */,
				3E763B102C1BD1C400D27D40 /* CopyFiles */,
			);
			buildRules = (
			);
			dependencies = (
			);
			name = GPGCoreTest;
			productName = GPGCoreTest;
			productReference = 3E763B122C1BD1C400D27D40 /* GPGCoreTest */;
			productType = "com.apple.product-type.tool";
		};
		3ECB53F32C1A780000A8427F /* SwiftyGPG */ = {
			isa = PBXNativeTarget;
			buildConfigurationList = 3ECB54192C1A780100A8427F /* Build configuration list for PBXNativeTarget "SwiftyGPG" */;
			buildPhases = (
				3ECB53F02C1A780000A8427F /* Sources */,
				3ECB53F12C1A780000A8427F /* Frameworks */,
				3ECB53F22C1A780000A8427F /* Resources */,
			);
			buildRules = (
			);
			dependencies = (
			);
			name = SwiftyGPG;
			productName = SwiftyGPG;
			productReference = 3ECB53F42C1A780000A8427F /* SwiftyGPG.app */;
			productType = "com.apple.product-type.application";
		};
		3ECB54042C1A780100A8427F /* SwiftyGPGTests */ = {
			isa = PBXNativeTarget;
			buildConfigurationList = 3ECB541C2C1A780100A8427F /* Build configuration list for PBXNativeTarget "SwiftyGPGTests" */;
			buildPhases = (
				3ECB54012C1A780100A8427F /* Sources */,
				3ECB54022C1A780100A8427F /* Frameworks */,
				3ECB54032C1A780100A8427F /* Resources */,
			);
			buildRules = (
			);
			dependencies = (
				3ECB54072C1A780100A8427F /* PBXTargetDependency */,
			);
			name = SwiftyGPGTests;
			productName = SwiftyGPGTests;
			productReference = 3ECB54052C1A780100A8427F /* SwiftyGPGTests.xctest */;
			productType = "com.apple.product-type.bundle.unit-test";
		};
		3ECB540E2C1A780100A8427F /* SwiftyGPGUITests */ = {
			isa = PBXNativeTarget;
			buildConfigurationList = 3ECB541F2C1A780100A8427F /* Build configuration list for PBXNativeTarget "SwiftyGPGUITests" */;
			buildPhases = (
				3ECB540B2C1A780100A8427F /* Sources */,
				3ECB540C2C1A780100A8427F /* Frameworks */,
				3ECB540D2C1A780100A8427F /* Resources */,
			);
			buildRules = (
			);
			dependencies = (
				3ECB54112C1A780100A8427F /* PBXTargetDependency */,
			);
			name = SwiftyGPGUITests;
			productName = SwiftyGPGUITests;
			productReference = 3ECB540F2C1A780100A8427F /* SwiftyGPGUITests.xctest */;
			productType = "com.apple.product-type.bundle.ui-testing";
		};
/* End PBXNativeTarget section */

/* Begin PBXProject section */
		3ECB53EC2C1A780000A8427F /* Project object */ = {
			isa = PBXProject;
			attributes = {
				BuildIndependentTargetsInParallel = 1;
				LastSwiftUpdateCheck = 1600;
				LastUpgradeCheck = 1600;
				TargetAttributes = {
					3E763B112C1BD1C400D27D40 = {
						CreatedOnToolsVersion = 16.0;
					};
					3ECB53F32C1A780000A8427F = {
						CreatedOnToolsVersion = 16.0;
					};
					3ECB54042C1A780100A8427F = {
						CreatedOnToolsVersion = 16.0;
						TestTargetID = 3ECB53F32C1A780000A8427F;
					};
					3ECB540E2C1A780100A8427F = {
						CreatedOnToolsVersion = 16.0;
						TestTargetID = 3ECB53F32C1A780000A8427F;
					};
				};
			};
			buildConfigurationList = 3ECB53EF2C1A780000A8427F /* Build configuration list for PBXProject "SwiftyGPG" */;
			compatibilityVersion = "Xcode 15.0";
			developmentRegion = en;
			hasScannedForEncodings = 0;
			knownRegions = (
				en,
				Base,
			);
			mainGroup = 3ECB53EB2C1A780000A8427F;
			productRefGroup = 3ECB53F52C1A780000A8427F /* Products */;
			projectDirPath = "";
			projectRoot = "";
			targets = (
				3ECB53F32C1A780000A8427F /* SwiftyGPG */,
				3ECB54042C1A780100A8427F /* SwiftyGPGTests */,
				3ECB540E2C1A780100A8427F /* SwiftyGPGUITests */,
				3E763B112C1BD1C400D27D40 /* GPGCoreTest */,
			);
		};
/* End PBXProject section */

/* Begin PBXResourcesBuildPhase section */
		3ECB53F22C1A780000A8427F /* Resources */ = {
			isa = PBXResourcesBuildPhase;
			buildActionMask = 2147483647;
			files = (
				3ECB53FF2C1A780100A8427F /* Preview Assets.xcassets in Resources */,
				3ECB53FC2C1A780100A8427F /* Assets.xcassets in Resources */,
			);
			runOnlyForDeploymentPostprocessing = 0;
		};
		3ECB54032C1A780100A8427F /* Resources */ = {
			isa = PBXResourcesBuildPhase;
			buildActionMask = 2147483647;
			files = (
			);
			runOnlyForDeploymentPostprocessing = 0;
		};
		3ECB540D2C1A780100A8427F /* Resources */ = {
			isa = PBXResourcesBuildPhase;
			buildActionMask = 2147483647;
			files = (
			);
			runOnlyForDeploymentPostprocessing = 0;
		};
/* End PBXResourcesBuildPhase section */

/* Begin PBXSourcesBuildPhase section */
		3E763B0E2C1BD1C400D27D40 /* Sources */ = {
			isa = PBXSourcesBuildPhase;
			buildActionMask = 2147483647;
			files = (
				3ED431642C1BD8D4001078D8 /* URLExtension.swift in Sources */,
				3E763B152C1BD1C400D27D40 /* main.swift in Sources */,
				3E763B192C1BD1DC00D27D40 /* GPGCore.swift in Sources */,
				3ED4315C2C1BD673001078D8 /* Shell.swift in Sources */,
				3E763B1A2C1BD1DC00D27D40 /* GPGConf.swift in Sources */,
			);
			runOnlyForDeploymentPostprocessing = 0;
		};
		3ECB53F02C1A780000A8427F /* Sources */ = {
			isa = PBXSourcesBuildPhase;
			buildActionMask = 2147483647;
			files = (
				3ECB53FA2C1A780000A8427F /* ContentView.swift in Sources */,
				3ECB53F82C1A780000A8427F /* SwiftyGPGApp.swift in Sources */,
				3ED4315B2C1BD5E2001078D8 /* Shell.swift in Sources */,
				3E763B0C2C1BCF8900D27D40 /* GPGConf.swift in Sources */,
				3E763B0D2C1BCF8E00D27D40 /* GPGCore.swift in Sources */,
				3ED431632C1BD8CD001078D8 /* URLExtension.swift in Sources */,
			);
			runOnlyForDeploymentPostprocessing = 0;
		};
		3ECB54012C1A780100A8427F /* Sources */ = {
			isa = PBXSourcesBuildPhase;
			buildActionMask = 2147483647;
			files = (
				3ECB540A2C1A780100A8427F /* SwiftyGPGTests.swift in Sources */,
			);
			runOnlyForDeploymentPostprocessing = 0;
		};
		3ECB540B2C1A780100A8427F /* Sources */ = {
			isa = PBXSourcesBuildPhase;
			buildActionMask = 2147483647;
			files = (
				3ECB54142C1A780100A8427F /* SwiftyGPGUITests.swift in Sources */,
				3ECB54162C1A780100A8427F /* SwiftyGPGUITestsLaunchTests.swift in Sources */,
			);
			runOnlyForDeploymentPostprocessing = 0;
		};
/* End PBXSourcesBuildPhase section */

/* Begin PBXTargetDependency section */
		3ECB54072C1A780100A8427F /* PBXTargetDependency */ = {
			isa = PBXTargetDependency;
			target = 3ECB53F32C1A780000A8427F /* SwiftyGPG */;
			targetProxy = 3ECB54062C1A780100A8427F /* PBXContainerItemProxy */;
		};
		3ECB54112C1A780100A8427F /* PBXTargetDependency */ = {
			isa = PBXTargetDependency;
			target = 3ECB53F32C1A780000A8427F /* SwiftyGPG */;
			targetProxy = 3ECB54102C1A780100A8427F /* PBXContainerItemProxy */;
		};
/* End PBXTargetDependency section */

/* Begin XCBuildConfiguration section */
		3E763B172C1BD1C400D27D40 /* Debug */ = {
			isa = XCBuildConfiguration;
			buildSettings = {
				CODE_SIGN_STYLE = Automatic;
				PRODUCT_NAME = "$(TARGET_NAME)";
				SWIFT_VERSION = 5.0;
			};
			name = Debug;
		};
		3E763B182C1BD1C400D27D40 /* Release */ = {
			isa = XCBuildConfiguration;
			buildSettings = {
				CODE_SIGN_STYLE = Automatic;
				PRODUCT_NAME = "$(TARGET_NAME)";
				SWIFT_VERSION = 5.0;
			};
			name = Release;
		};
		3ECB54172C1A780100A8427F /* Debug */ = {
			isa = XCBuildConfiguration;
			buildSettings = {
				ALWAYS_SEARCH_USER_PATHS = NO;
				ASSETCATALOG_COMPILER_GENERATE_SWIFT_ASSET_SYMBOL_EXTENSIONS = YES;
				CLANG_ANALYZER_NONNULL = YES;
				CLANG_ANALYZER_NUMBER_OBJECT_CONVERSION = YES_AGGRESSIVE;
				CLANG_CXX_LANGUAGE_STANDARD = "gnu++20";
				CLANG_ENABLE_MODULES = YES;
				CLANG_ENABLE_OBJC_ARC = YES;
				CLANG_ENABLE_OBJC_WEAK = YES;
				CLANG_WARN_BLOCK_CAPTURE_AUTORELEASING = YES;
				CLANG_WARN_BOOL_CONVERSION = YES;
				CLANG_WARN_COMMA = YES;
				CLANG_WARN_CONSTANT_CONVERSION = YES;
				CLANG_WARN_DEPRECATED_OBJC_IMPLEMENTATIONS = YES;
				CLANG_WARN_DIRECT_OBJC_ISA_USAGE = YES_ERROR;
				CLANG_WARN_DOCUMENTATION_COMMENTS = YES;
				CLANG_WARN_EMPTY_BODY = YES;
				CLANG_WARN_ENUM_CONVERSION = YES;
				CLANG_WARN_INFINITE_RECURSION = YES;
				CLANG_WARN_INT_CONVERSION = YES;
				CLANG_WARN_NON_LITERAL_NULL_CONVERSION = YES;
				CLANG_WARN_OBJC_IMPLICIT_RETAIN_SELF = YES;
				CLANG_WARN_OBJC_LITERAL_CONVERSION = YES;
				CLANG_WARN_OBJC_ROOT_CLASS = YES_ERROR;
				CLANG_WARN_QUOTED_INCLUDE_IN_FRAMEWORK_HEADER = YES;
				CLANG_WARN_RANGE_LOOP_ANALYSIS = YES;
				CLANG_WARN_STRICT_PROTOTYPES = YES;
				CLANG_WARN_SUSPICIOUS_MOVE = YES;
				CLANG_WARN_UNGUARDED_AVAILABILITY = YES_AGGRESSIVE;
				CLANG_WARN_UNREACHABLE_CODE = YES;
				CLANG_WARN__DUPLICATE_METHOD_MATCH = YES;
				COPY_PHASE_STRIP = NO;
				DEBUG_INFORMATION_FORMAT = dwarf;
				ENABLE_STRICT_OBJC_MSGSEND = YES;
				ENABLE_TESTABILITY = YES;
				ENABLE_USER_SCRIPT_SANDBOXING = YES;
				GCC_C_LANGUAGE_STANDARD = gnu17;
				GCC_DYNAMIC_NO_PIC = NO;
				GCC_NO_COMMON_BLOCKS = YES;
				GCC_OPTIMIZATION_LEVEL = 0;
				GCC_PREPROCESSOR_DEFINITIONS = (
					"DEBUG=1",
					"$(inherited)",
				);
				GCC_WARN_64_TO_32_BIT_CONVERSION = YES;
				GCC_WARN_ABOUT_RETURN_TYPE = YES_ERROR;
				GCC_WARN_UNDECLARED_SELECTOR = YES;
				GCC_WARN_UNINITIALIZED_AUTOS = YES_AGGRESSIVE;
				GCC_WARN_UNUSED_FUNCTION = YES;
				GCC_WARN_UNUSED_VARIABLE = YES;
				LOCALIZATION_PREFERS_STRING_CATALOGS = YES;
				MACOSX_DEPLOYMENT_TARGET = 15.0;
				MTL_ENABLE_DEBUG_INFO = INCLUDE_SOURCE;
				MTL_FAST_MATH = YES;
				ONLY_ACTIVE_ARCH = YES;
				SDKROOT = macosx;
				SWIFT_ACTIVE_COMPILATION_CONDITIONS = "DEBUG $(inherited)";
				SWIFT_OPTIMIZATION_LEVEL = "-Onone";
			};
			name = Debug;
		};
		3ECB54182C1A780100A8427F /* Release */ = {
			isa = XCBuildConfiguration;
			buildSettings = {
				ALWAYS_SEARCH_USER_PATHS = NO;
				ASSETCATALOG_COMPILER_GENERATE_SWIFT_ASSET_SYMBOL_EXTENSIONS = YES;
				CLANG_ANALYZER_NONNULL = YES;
				CLANG_ANALYZER_NUMBER_OBJECT_CONVERSION = YES_AGGRESSIVE;
				CLANG_CXX_LANGUAGE_STANDARD = "gnu++20";
				CLANG_ENABLE_MODULES = YES;
				CLANG_ENABLE_OBJC_ARC = YES;
				CLANG_ENABLE_OBJC_WEAK = YES;
				CLANG_WARN_BLOCK_CAPTURE_AUTORELEASING = YES;
				CLANG_WARN_BOOL_CONVERSION = YES;
				CLANG_WARN_COMMA = YES;
				CLANG_WARN_CONSTANT_CONVERSION = YES;
				CLANG_WARN_DEPRECATED_OBJC_IMPLEMENTATIONS = YES;
				CLANG_WARN_DIRECT_OBJC_ISA_USAGE = YES_ERROR;
				CLANG_WARN_DOCUMENTATION_COMMENTS = YES;
				CLANG_WARN_EMPTY_BODY = YES;
				CLANG_WARN_ENUM_CONVERSION = YES;
				CLANG_WARN_INFINITE_RECURSION = YES;
				CLANG_WARN_INT_CONVERSION = YES;
				CLANG_WARN_NON_LITERAL_NULL_CONVERSION = YES;
				CLANG_WARN_OBJC_IMPLICIT_RETAIN_SELF = YES;
				CLANG_WARN_OBJC_LITERAL_CONVERSION = YES;
				CLANG_WARN_OBJC_ROOT_CLASS = YES_ERROR;
				CLANG_WARN_QUOTED_INCLUDE_IN_FRAMEWORK_HEADER = YES;
				CLANG_WARN_RANGE_LOOP_ANALYSIS = YES;
				CLANG_WARN_STRICT_PROTOTYPES = YES;
				CLANG_WARN_SUSPICIOUS_MOVE = YES;
				CLANG_WARN_UNGUARDED_AVAILABILITY = YES_AGGRESSIVE;
				CLANG_WARN_UNREACHABLE_CODE = YES;
				CLANG_WARN__DUPLICATE_METHOD_MATCH = YES;
				COPY_PHASE_STRIP = NO;
				DEBUG_INFORMATION_FORMAT = "dwarf-with-dsym";
				ENABLE_NS_ASSERTIONS = NO;
				ENABLE_STRICT_OBJC_MSGSEND = YES;
				ENABLE_USER_SCRIPT_SANDBOXING = YES;
				GCC_C_LANGUAGE_STANDARD = gnu17;
				GCC_NO_COMMON_BLOCKS = YES;
				GCC_WARN_64_TO_32_BIT_CONVERSION = YES;
				GCC_WARN_ABOUT_RETURN_TYPE = YES_ERROR;
				GCC_WARN_UNDECLARED_SELECTOR = YES;
				GCC_WARN_UNINITIALIZED_AUTOS = YES_AGGRESSIVE;
				GCC_WARN_UNUSED_FUNCTION = YES;
				GCC_WARN_UNUSED_VARIABLE = YES;
				LOCALIZATION_PREFERS_STRING_CATALOGS = YES;
				MACOSX_DEPLOYMENT_TARGET = 15.0;
				MTL_ENABLE_DEBUG_INFO = NO;
				MTL_FAST_MATH = YES;
				SDKROOT = macosx;
				SWIFT_COMPILATION_MODE = wholemodule;
			};
			name = Release;
		};
		3ECB541A2C1A780100A8427F /* Debug */ = {
			isa = XCBuildConfiguration;
			buildSettings = {
				ASSETCATALOG_COMPILER_APPICON_NAME = AppIcon;
				ASSETCATALOG_COMPILER_GLOBAL_ACCENT_COLOR_NAME = AccentColor;
				ASSETCATALOG_COMPILER_INCLUDE_ALL_APPICON_ASSETS = YES;
				CODE_SIGN_ENTITLEMENTS = SwiftyGPG/SwiftyGPG.entitlements;
				CODE_SIGN_STYLE = Automatic;
				COMBINE_HIDPI_IMAGES = YES;
				CURRENT_PROJECT_VERSION = 1;
				DEVELOPMENT_ASSET_PATHS = "\"SwiftyGPG/Preview Content\"";
				DEVELOPMENT_TEAM = QT93JJ48BC;
				ENABLE_PREVIEWS = YES;
				GENERATE_INFOPLIST_FILE = YES;
				INFOPLIST_KEY_NSHumanReadableCopyright = "";
				LD_RUNPATH_SEARCH_PATHS = (
					"$(inherited)",
					"@executable_path/../Frameworks",
				);
				MACOSX_DEPLOYMENT_TARGET = 14.0;
				MARKETING_VERSION = 1.0;
				PRODUCT_BUNDLE_IDENTIFIER = dev.ixor.SwiftyGPG;
				PRODUCT_NAME = "$(TARGET_NAME)";
				SWIFT_EMIT_LOC_STRINGS = YES;
				SWIFT_VERSION = 5.0;
			};
			name = Debug;
		};
		3ECB541B2C1A780100A8427F /* Release */ = {
			isa = XCBuildConfiguration;
			buildSettings = {
				ASSETCATALOG_COMPILER_APPICON_NAME = AppIcon;
				ASSETCATALOG_COMPILER_GLOBAL_ACCENT_COLOR_NAME = AccentColor;
				ASSETCATALOG_COMPILER_INCLUDE_ALL_APPICON_ASSETS = YES;
				CODE_SIGN_ENTITLEMENTS = SwiftyGPG/SwiftyGPG.entitlements;
				CODE_SIGN_STYLE = Automatic;
				COMBINE_HIDPI_IMAGES = YES;
				CURRENT_PROJECT_VERSION = 1;
				DEVELOPMENT_ASSET_PATHS = "\"SwiftyGPG/Preview Content\"";
				DEVELOPMENT_TEAM = QT93JJ48BC;
				ENABLE_PREVIEWS = YES;
				GENERATE_INFOPLIST_FILE = YES;
				INFOPLIST_KEY_NSHumanReadableCopyright = "";
				LD_RUNPATH_SEARCH_PATHS = (
					"$(inherited)",
					"@executable_path/../Frameworks",
				);
				MACOSX_DEPLOYMENT_TARGET = 14.0;
				MARKETING_VERSION = 1.0;
				PRODUCT_BUNDLE_IDENTIFIER = dev.ixor.SwiftyGPG;
				PRODUCT_NAME = "$(TARGET_NAME)";
				SWIFT_EMIT_LOC_STRINGS = YES;
				SWIFT_VERSION = 5.0;
			};
			name = Release;
		};
		3ECB541D2C1A780100A8427F /* Debug */ = {
			isa = XCBuildConfiguration;
			buildSettings = {
				BUNDLE_LOADER = "$(TEST_HOST)";
				CODE_SIGN_STYLE = Automatic;
				CURRENT_PROJECT_VERSION = 1;
				DEVELOPMENT_TEAM = QT93JJ48BC;
				GENERATE_INFOPLIST_FILE = YES;
				MACOSX_DEPLOYMENT_TARGET = 15.0;
				MARKETING_VERSION = 1.0;
				PRODUCT_BUNDLE_IDENTIFIER = dev.ixor.SwiftyGPGTests;
				PRODUCT_NAME = "$(TARGET_NAME)";
				SWIFT_EMIT_LOC_STRINGS = NO;
				SWIFT_VERSION = 5.0;
				TEST_HOST = "$(BUILT_PRODUCTS_DIR)/SwiftyGPG.app/$(BUNDLE_EXECUTABLE_FOLDER_PATH)/SwiftyGPG";
			};
			name = Debug;
		};
		3ECB541E2C1A780100A8427F /* Release */ = {
			isa = XCBuildConfiguration;
			buildSettings = {
				BUNDLE_LOADER = "$(TEST_HOST)";
				CODE_SIGN_STYLE = Automatic;
				CURRENT_PROJECT_VERSION = 1;
				DEVELOPMENT_TEAM = QT93JJ48BC;
				GENERATE_INFOPLIST_FILE = YES;
				MACOSX_DEPLOYMENT_TARGET = 15.0;
				MARKETING_VERSION = 1.0;
				PRODUCT_BUNDLE_IDENTIFIER = dev.ixor.SwiftyGPGTests;
				PRODUCT_NAME = "$(TARGET_NAME)";
				SWIFT_EMIT_LOC_STRINGS = NO;
				SWIFT_VERSION = 5.0;
				TEST_HOST = "$(BUILT_PRODUCTS_DIR)/SwiftyGPG.app/$(BUNDLE_EXECUTABLE_FOLDER_PATH)/SwiftyGPG";
			};
			name = Release;
		};
		3ECB54202C1A780100A8427F /* Debug */ = {
			isa = XCBuildConfiguration;
			buildSettings = {
				CODE_SIGN_STYLE = Automatic;
				CURRENT_PROJECT_VERSION = 1;
				GENERATE_INFOPLIST_FILE = YES;
				MARKETING_VERSION = 1.0;
				PRODUCT_BUNDLE_IDENTIFIER = dev.ixor.SwiftyGPGUITests;
				PRODUCT_NAME = "$(TARGET_NAME)";
				SWIFT_EMIT_LOC_STRINGS = NO;
				SWIFT_VERSION = 5.0;
				TEST_TARGET_NAME = SwiftyGPG;
			};
			name = Debug;
		};
		3ECB54212C1A780100A8427F /* Release */ = {
			isa = XCBuildConfiguration;
			buildSettings = {
				CODE_SIGN_STYLE = Automatic;
				CURRENT_PROJECT_VERSION = 1;
				GENERATE_INFOPLIST_FILE = YES;
				MARKETING_VERSION = 1.0;
				PRODUCT_BUNDLE_IDENTIFIER = dev.ixor.SwiftyGPGUITests;
				PRODUCT_NAME = "$(TARGET_NAME)";
				SWIFT_EMIT_LOC_STRINGS = NO;
				SWIFT_VERSION = 5.0;
				TEST_TARGET_NAME = SwiftyGPG;
			};
			name = Release;
		};
/* End XCBuildConfiguration section */

/* Begin XCConfigurationList section */
		3E763B162C1BD1C400D27D40 /* Build configuration list for PBXNativeTarget "GPGCoreTest" */ = {
			isa = XCConfigurationList;
			buildConfigurations = (
				3E763B172C1BD1C400D27D40 /* Debug */,
				3E763B182C1BD1C400D27D40 /* Release */,
			);
			defaultConfigurationIsVisible = 0;
			defaultConfigurationName = Release;
		};
		3ECB53EF2C1A780000A8427F /* Build configuration list for PBXProject "SwiftyGPG" */ = {
			isa = XCConfigurationList;
			buildConfigurations = (
				3ECB54172C1A780100A8427F /* Debug */,
				3ECB54182C1A780100A8427F /* Release */,
			);
			defaultConfigurationIsVisible = 0;
			defaultConfigurationName = Release;
		};
		3ECB54192C1A780100A8427F /* Build configuration list for PBXNativeTarget "SwiftyGPG" */ = {
			isa = XCConfigurationList;
			buildConfigurations = (
				3ECB541A2C1A780100A8427F /* Debug */,
				3ECB541B2C1A780100A8427F /* Release */,
			);
			defaultConfigurationIsVisible = 0;
			defaultConfigurationName = Release;
		};
		3ECB541C2C1A780100A8427F /* Build configuration list for PBXNativeTarget "SwiftyGPGTests" */ = {
			isa = XCConfigurationList;
			buildConfigurations = (
				3ECB541D2C1A780100A8427F /* Debug */,
				3ECB541E2C1A780100A8427F /* Release */,
			);
			defaultConfigurationIsVisible = 0;
			defaultConfigurationName = Release;
		};
		3ECB541F2C1A780100A8427F /* Build configuration list for PBXNativeTarget "SwiftyGPGUITests" */ = {
			isa = XCConfigurationList;
			buildConfigurations = (
				3ECB54202C1A780100A8427F /* Debug */,
				3ECB54212C1A780100A8427F /* Release */,
			);
			defaultConfigurationIsVisible = 0;
			defaultConfigurationName = Release;
		};
/* End XCConfigurationList section */
	};
	rootObject = 3ECB53EC2C1A780000A8427F /* Project object */;
}
